
Microsoft Visual Studio Solution File, Format Version 12.00
# Visual Studio Version 17
VisualStudioVersion = 17.2.32630.192
MinimumVisualStudioVersion = 10.0.40219.1
Project("{9A19103F-16F7-4668-BE54-9A1E7A4F7556}") = "Harmony.Module", "Harmony.Module\Harmony.Module.csproj", "{B0AFB069-EBB4-4B93-AD4C-B451895DCE97}"
EndProject
Global
	GlobalSection(SolutionConfigurationPlatforms) = preSolution
		Debug|Any CPU = Debug|Any CPU
		Release|Any CPU = Release|Any CPU
	EndGlobalSection
	GlobalSection(ProjectConfigurationPlatforms) = postSolution
		{B0AFB069-EBB4-4B93-AD4C-B451895DCE97}.Debug|Any CPU.ActiveCfg = Debug|Any CPU
		{B0AFB069-EBB4-4B93-AD4C-B451895DCE97}.Debug|Any CPU.Build.0 = Debug|Any CPU
		{B0AFB069-EBB4-4B93-AD4C-B451895DCE97}.Release|Any CPU.ActiveCfg = Release|Any CPU
		{B0AFB069-EBB4-4B93-AD4C-B451895DCE97}.Release|Any CPU.Build.0 = Release|Any CPU
	EndGlobalSection
	GlobalSection(SolutionProperties) = preSolution
		HideSolutionNode = FALSE
	EndGlobalSection
	GlobalSection(ExtensibilityGlobals) = postSolution
		SolutionGuid = {237E1711-B532-4012-9F8D-0A65802BA340}
	EndGlobalSection
EndGlobal
